
Microsoft Visual Studio Solution File, Format Version 12.00
# Visual Studio Version 16
VisualStudioVersion = 16.0.31605.320
MinimumVisualStudioVersion = 10.0.40219.1
Project("{FAE04EC0-301F-11D3-BF4B-00C04F79EFBC}") = "Task2", "Task2.csproj", "{3907E591-2E83-4976-9E6C-F02B06A57DBC}"
EndProject
Global
	GlobalSection(SolutionConfigurationPlatforms) = preSolution
		Debug|Any CPU = Debug|Any CPU
		Release|Any CPU = Release|Any CPU
	EndGlobalSection
	GlobalSection(ProjectConfigurationPlatforms) = postSolution
		{3907E591-2E83-4976-9E6C-F02B06A57DBC}.Debug|Any CPU.ActiveCfg = Debug|Any CPU
		{3907E591-2E83-4976-9E6C-F02B06A57DBC}.Debug|Any CPU.Build.0 = Debug|Any CPU
		{3907E591-2E83-4976-9E6C-F02B06A57DBC}.Release|Any CPU.ActiveCfg = Release|Any CPU
		{3907E591-2E83-4976-9E6C-F02B06A57DBC}.Release|Any CPU.Build.0 = Release|Any CPU
	EndGlobalSection
	GlobalSection(SolutionProperties) = preSolution
		HideSolutionNode = FALSE
	EndGlobalSection
	GlobalSection(ExtensibilityGlobals) = postSolution
		SolutionGuid = {1FFA9452-469C-43F6-B46F-6607DC12EF8E}
	EndGlobalSection
EndGlobal
